{
  "name": "@yu-ko-ba/ngx-mat-little-diva-theme",
  "version": "0.0.0",
  "lockfileVersion": 3,
  "requires": true,
  "packages": {
    "": {
      "name": "@yu-ko-ba/ngx-mat-little-diva-theme",
      "version": "0.0.0",
      "license": "MIT",
      "dependencies": {
        "@angular/material": "^18.2.11"
      }
    },
    "node_modules/@angular/animations": {
      "version": "18.2.10",
      "resolved": "https://registry.npmjs.org/@angular/animations/-/animations-18.2.10.tgz",
      "integrity": "sha512-LT5+CocFZJ4t5jXsXLx5w/sBuWSxOEjmNTYga13usRcLOblrAB902pjUdFCHEZyrCUgm4MH8vov9fMS+Ks2GCw==",
      "license": "MIT",
      "peer": true,
      "dependencies": {
        "tslib": "^2.3.0"
      },
      "engines": {
        "node": "^18.19.1 || ^20.11.1 || >=22.0.0"
      },
      "peerDependencies": {
        "@angular/core": "18.2.10"
      }
    },
    "node_modules/@angular/cdk": {
      "version": "18.2.11",
      "resolved": "https://registry.npmjs.org/@angular/cdk/-/cdk-18.2.11.tgz",
      "integrity": "sha512-FuvfhrSz2ch0gyOVHrkWq2C/I2PnOzKYSXlG/VEG+ize/WNrvlYy//5WVrTh/hv+HD9sdoWPr9ULXsfFfgbo7w==",
      "license": "MIT",
      "peer": true,
      "dependencies": {
        "tslib": "^2.3.0"
      },
      "optionalDependencies": {
        "parse5": "^7.1.2"
      },
      "peerDependencies": {
        "@angular/common": "^18.0.0 || ^19.0.0",
        "@angular/core": "^18.0.0 || ^19.0.0",
        "rxjs": "^6.5.3 || ^7.4.0"
      }
    },
    "node_modules/@angular/common": {
      "version": "18.2.10",
      "resolved": "https://registry.npmjs.org/@angular/common/-/common-18.2.10.tgz",
      "integrity": "sha512-YzTCmuqLiOuT+Yv07vuKymDWiebOVZ8BuXakJiz4EM7FMoOw5gICHJ04jepZSjDNWpA16e7kJSdt5ucnmvCFDQ==",
      "license": "MIT",
      "peer": true,
      "dependencies": {
        "tslib": "^2.3.0"
      },
      "engines": {
        "node": "^18.19.1 || ^20.11.1 || >=22.0.0"
      },
      "peerDependencies": {
        "@angular/core": "18.2.10",
        "rxjs": "^6.5.3 || ^7.4.0"
      }
    },
    "node_modules/@angular/core": {
      "version": "18.2.10",
      "resolved": "https://registry.npmjs.org/@angular/core/-/core-18.2.10.tgz",
      "integrity": "sha512-EfxVz0pLaxnOppOYkdhnaUkk8HZT+uxaAGpJD3ppAa7YAWTE9xIGoNJmtS33cZNNOnvriMkdv7yn6pDtV4ct+Q==",
      "license": "MIT",
      "peer": true,
      "dependencies": {
        "tslib": "^2.3.0"
      },
      "engines": {
        "node": "^18.19.1 || ^20.11.1 || >=22.0.0"
      },
      "peerDependencies": {
        "rxjs": "^6.5.3 || ^7.4.0",
        "zone.js": "~0.14.10"
      }
    },
    "node_modules/@angular/forms": {
      "version": "18.2.10",
      "resolved": "https://registry.npmjs.org/@angular/forms/-/forms-18.2.10.tgz",
      "integrity": "sha512-2VprGB+enJIeqfz2oALmP/G/UiFzpZW6PHgyZXhk/0J/UMsa26JoYxwDFvfdm/WGTrB+VaQEG7in5xwiFPAFtQ==",
      "license": "MIT",
      "peer": true,
      "dependencies": {
        "tslib": "^2.3.0"
      },
      "engines": {
        "node": "^18.19.1 || ^20.11.1 || >=22.0.0"
      },
      "peerDependencies": {
        "@angular/common": "18.2.10",
        "@angular/core": "18.2.10",
        "@angular/platform-browser": "18.2.10",
        "rxjs": "^6.5.3 || ^7.4.0"
      }
    },
    "node_modules/@angular/material": {
      "version": "18.2.11",
      "resolved": "https://registry.npmjs.org/@angular/material/-/material-18.2.11.tgz",
      "integrity": "sha512-VPfnpwmg6p5DsH1UMfOXjKA+qAbUx6nyinGWpx4+ntr/T1oEhRk5CnoOtVS0Xk0rnRSbEF6ayjDBH2YPR9ol3A==",
      "license": "MIT",
      "dependencies": {
        "tslib": "^2.3.0"
      },
      "peerDependencies": {
        "@angular/animations": "^18.0.0 || ^19.0.0",
        "@angular/cdk": "18.2.11",
        "@angular/common": "^18.0.0 || ^19.0.0",
        "@angular/core": "^18.0.0 || ^19.0.0",
        "@angular/forms": "^18.0.0 || ^19.0.0",
        "@angular/platform-browser": "^18.0.0 || ^19.0.0",
        "rxjs": "^6.5.3 || ^7.4.0"
      }
    },
    "node_modules/@angular/platform-browser": {
      "version": "18.2.10",
      "resolved": "https://registry.npmjs.org/@angular/platform-browser/-/platform-browser-18.2.10.tgz",
      "integrity": "sha512-zKyRKFr3AaEA4SE/DEeb5FWHJutT26avHZog6ZGDkMeMN12zMtSqjPuTSgmDXCWleoOkzbb+nhAQ+fK/EyGyPA==",
      "license": "MIT",
      "peer": true,
      "dependencies": {
        "tslib": "^2.3.0"
      },
      "engines": {
        "node": "^18.19.1 || ^20.11.1 || >=22.0.0"
      },
      "peerDependencies": {
        "@angular/animations": "18.2.10",
        "@angular/common": "18.2.10",
        "@angular/core": "18.2.10"
      },
      "peerDependenciesMeta": {
        "@angular/animations": {
          "optional": true
        }
      }
    },
    "node_modules/entities": {
      "version": "4.5.0",
      "resolved": "https://registry.npmjs.org/entities/-/entities-4.5.0.tgz",
      "integrity": "sha512-V0hjH4dGPh9Ao5p0MoRY6BVqtwCjhz6vI5LT8AJ55H+4g9/4vbHx1I54fS0XuclLhDHArPQCiMjDxjaL8fPxhw==",
      "license": "BSD-2-Clause",
      "optional": true,
      "peer": true,
      "engines": {
        "node": ">=0.12"
      },
      "funding": {
        "url": "https://github.com/fb55/entities?sponsor=1"
      }
    },
    "node_modules/parse5": {
      "version": "7.2.1",
      "resolved": "https://registry.npmjs.org/parse5/-/parse5-7.2.1.tgz",
      "integrity": "sha512-BuBYQYlv1ckiPdQi/ohiivi9Sagc9JG+Ozs0r7b/0iK3sKmrb0b9FdWdBbOdx6hBCM/F9Ir82ofnBhtZOjCRPQ==",
      "license": "MIT",
      "optional": true,
      "peer": true,
      "dependencies": {
        "entities": "^4.5.0"
      },
      "funding": {
        "url": "https://github.com/inikulin/parse5?sponsor=1"
      }
    },
    "node_modules/rxjs": {
      "version": "7.8.1",
      "resolved": "https://registry.npmjs.org/rxjs/-/rxjs-7.8.1.tgz",
      "integrity": "sha512-AA3TVj+0A2iuIoQkWEK/tqFjBq2j+6PO6Y0zJcvzLAFhEFIO3HL0vls9hWLncZbAAbK0mar7oZ4V079I/qPMxg==",
      "license": "Apache-2.0",
      "peer": true,
      "dependencies": {
        "tslib": "^2.1.0"
      }
    },
    "node_modules/tslib": {
      "version": "2.8.1",
      "resolved": "https://registry.npmjs.org/tslib/-/tslib-2.8.1.tgz",
      "integrity": "sha512-oJFu94HQb+KVduSUQL7wnpmqnfmLsOA/nAh6b6EH0wCEoK0/mPeXU6c3wKDV83MkOuHPRHtSXKKU99IBazS/2w==",
      "license": "0BSD"
    },
    "node_modules/zone.js": {
      "version": "0.14.10",
      "resolved": "https://registry.npmjs.org/zone.js/-/zone.js-0.14.10.tgz",
      "integrity": "sha512-YGAhaO7J5ywOXW6InXNlLmfU194F8lVgu7bRntUF3TiG8Y3nBK0x1UJJuHUP/e8IyihkjCYqhCScpSwnlaSRkQ==",
      "license": "MIT",
      "peer": true
    }
  }
}
